{
  "name": "@ppzp/controller",
  "version": "0.0.0",
  "lockfileVersion": 1,
  "requires": true,
  "dependencies": {
    "@ppzp/sandwich": {
      "version": "0.0.3",
      "resolved": "https://registry.npmjs.org/@ppzp/sandwich/-/sandwich-0.0.3.tgz",
      "integrity": "sha512-CB2LsobuQ5Qf6btYKPE5NIlrPs3xmw7A8R9+R/oMAMiRCX0wRgmTHuLgqx3AtnqMckNW01JvD/y9gWmFxAxj8Q=="
    }
  }
}
