{
  "requires": true,
  "lockfileVersion": 1,
  "dependencies": {
    "@ppzp/controller": {
      "version": "0.0.1",
      "resolved": "https://registry.npmjs.org/@ppzp/controller/-/controller-0.0.1.tgz",
      "integrity": "sha512-boLKzDGTvsyCOzjiox6yejiXGa4YsG1G9HZyFZYqpBJhiR08WSI6lBtPgZ/JMqubKK9gqur55mV8oJeTvkU56g==",
      "requires": {
        "@ppzp/sandwich": "0.0.3"
      }
    },
    "@ppzp/sandwich": {
      "version": "0.0.3",
      "resolved": "https://registry.npmjs.org/@ppzp/sandwich/-/sandwich-0.0.3.tgz",
      "integrity": "sha512-CB2LsobuQ5Qf6btYKPE5NIlrPs3xmw7A8R9+R/oMAMiRCX0wRgmTHuLgqx3AtnqMckNW01JvD/y9gWmFxAxj8Q=="
    }
  }
}
