{
  "requires": true,
  "lockfileVersion": 1,
  "dependencies": {
    "@ppzp/http-router": {
      "version": "file:../ppzp-http-router-0.0.1.tgz",
      "integrity": "sha512-dTkYsYJRX7sbn+WqpD6xtHl39e7c64H6lp2wulnk2/cKmwHcCikOcc5fyiuaC12JEedP+le+/jXKURgZAQ2uSw==",
      "requires": {
        "@ppzp/sandwich": "0.0.3"
      }
    },
    "@ppzp/sandwich": {
      "version": "0.0.3",
      "resolved": "https://registry.npmjs.org/@ppzp/sandwich/-/sandwich-0.0.3.tgz",
      "integrity": "sha512-CB2LsobuQ5Qf6btYKPE5NIlrPs3xmw7A8R9+R/oMAMiRCX0wRgmTHuLgqx3AtnqMckNW01JvD/y9gWmFxAxj8Q=="
    },
    "lodash": {
      "version": "4.17.21",
      "resolved": "https://registry.npmjs.org/lodash/-/lodash-4.17.21.tgz",
      "integrity": "sha512-v2kDEe57lecTulaDIuNTPy3Ry4gLGJ6Z1O3vE1krgXZNrsQ+LFTGHVxVjcXPs17LhbZVGedAJv8XZ1tvj5FvSg=="
    }
  }
}
