{
  "requires": true,
  "lockfileVersion": 1,
  "dependencies": {
    "@ppzp/controller": {
      "version": "file:../ppzp-controller-0.0.0.tgz",
      "integrity": "sha512-yqM4aY7p7bkv2VXTJwSGjJULtQjQ4bn3IlHrGssbd3Cv+wLwVvQqC9yCdXIDz6MMambSPg4ZB/Ai9QgDHvXDdA==",
      "requires": {
        "@ppzp/sandwich": "0.0.3"
      }
    },
    "@ppzp/sandwich": {
      "version": "0.0.3",
      "resolved": "https://registry.npmjs.org/@ppzp/sandwich/-/sandwich-0.0.3.tgz",
      "integrity": "sha512-CB2LsobuQ5Qf6btYKPE5NIlrPs3xmw7A8R9+R/oMAMiRCX0wRgmTHuLgqx3AtnqMckNW01JvD/y9gWmFxAxj8Q=="
    }
  }
}
